// !$*UTF8*$!
{
	archiveVersion = 1;
	classes = {
	};
	objectVersion = 56;
	objects = {

/* Begin PBXBuildFile section */
		C931E4832942726B00C2D025 /* AppDelegate.swift in Sources */ = {isa = PBXBuildFile; fileRef = C931E4822942726B00C2D025 /* AppDelegate.swift */; };
		C931E4852942726B00C2D025 /* SceneDelegate.swift in Sources */ = {isa = PBXBuildFile; fileRef = C931E4842942726B00C2D025 /* SceneDelegate.swift */; };
		C931E4872942726B00C2D025 /* ViewController.swift in Sources */ = {isa = PBXBuildFile; fileRef = C931E4862942726B00C2D025 /* ViewController.swift */; };
		C931E48C2942726C00C2D025 /* Assets.xcassets in Resources */ = {isa = PBXBuildFile; fileRef = C931E48B2942726C00C2D025 /* Assets.xcassets */; };
		C931E48F2942726C00C2D025 /* LaunchScreen.storyboard in Resources */ = {isa = PBXBuildFile; fileRef = C931E48D2942726C00C2D025 /* LaunchScreen.storyboard */; };
		C931E49A29427E7700C2D025 /* MainView.swift in Sources */ = {isa = PBXBuildFile; fileRef = C931E49929427E7700C2D025 /* MainView.swift */; };
		C97B7517295126840018BB0E /* Alamofire in Frameworks */ = {isa = PBXBuildFile; productRef = C97B7516295126840018BB0E /* Alamofire */; };
		C97B751A295127160018BB0E /* SwiftyJSON in Frameworks */ = {isa = PBXBuildFile; productRef = C97B7519295127160018BB0E /* SwiftyJSON */; };
		C97B751D295128640018BB0E /* LabelsJSON.swift in Sources */ = {isa = PBXBuildFile; fileRef = C97B751C295128640018BB0E /* LabelsJSON.swift */; };
		C97B752129525FBE0018BB0E /* DataServices.swift in Sources */ = {isa = PBXBuildFile; fileRef = C97B752029525FBE0018BB0E /* DataServices.swift */; };
		C97B7524295664AA0018BB0E /* SDWebImage in Frameworks */ = {isa = PBXBuildFile; productRef = C97B7523295664AA0018BB0E /* SDWebImage */; };
		C97B7528295670410018BB0E /* FlowerImageClassifier103.mlmodel in Sources */ = {isa = PBXBuildFile; fileRef = C97B7527295670410018BB0E /* FlowerImageClassifier103.mlmodel */; };
		C9D2221029663B3C0013FEE2 /* README.md in Resources */ = {isa = PBXBuildFile; fileRef = C9D2220F29663B3C0013FEE2 /* README.md */; };
/* End PBXBuildFile section */

/* Begin PBXFileReference section */
		C931E47F2942726B00C2D025 /* WhatFlower.app */ = {isa = PBXFileReference; explicitFileType = wrapper.application; includeInIndex = 0; path = WhatFlower.app; sourceTree = BUILT_PRODUCTS_DIR; };
		C931E4822942726B00C2D025 /* AppDelegate.swift */ = {isa = PBXFileReference; lastKnownFileType = sourcecode.swift; path = AppDelegate.swift; sourceTree = "<group>"; };
		C931E4842942726B00C2D025 /* SceneDelegate.swift */ = {isa = PBXFileReference; lastKnownFileType = sourcecode.swift; path = SceneDelegate.swift; sourceTree = "<group>"; };
		C931E4862942726B00C2D025 /* ViewController.swift */ = {isa = PBXFileReference; lastKnownFileType = sourcecode.swift; path = ViewController.swift; sourceTree = "<group>"; };
		C931E48B2942726C00C2D025 /* Assets.xcassets */ = {isa = PBXFileReference; lastKnownFileType = folder.assetcatalog; path = Assets.xcassets; sourceTree = "<group>"; };
		C931E48E2942726C00C2D025 /* Base */ = {isa = PBXFileReference; lastKnownFileType = file.storyboard; name = Base; path = Base.lproj/LaunchScreen.storyboard; sourceTree = "<group>"; };
		C931E4902942726C00C2D025 /* Info.plist */ = {isa = PBXFileReference; lastKnownFileType = text.plist.xml; path = Info.plist; sourceTree = "<group>"; };
		C931E49929427E7700C2D025 /* MainView.swift */ = {isa = PBXFileReference; lastKnownFileType = sourcecode.swift; path = MainView.swift; sourceTree = "<group>"; };
		C97B751C295128640018BB0E /* LabelsJSON.swift */ = {isa = PBXFileReference; lastKnownFileType = sourcecode.swift; path = LabelsJSON.swift; sourceTree = "<group>"; };
		C97B752029525FBE0018BB0E /* DataServices.swift */ = {isa = PBXFileReference; lastKnownFileType = sourcecode.swift; path = DataServices.swift; sourceTree = "<group>"; };
		C97B7527295670410018BB0E /* FlowerImageClassifier103.mlmodel */ = {isa = PBXFileReference; lastKnownFileType = file.mlmodel; path = FlowerImageClassifier103.mlmodel; sourceTree = "<group>"; };
		C9D2220F29663B3C0013FEE2 /* README.md */ = {isa = PBXFileReference; fileEncoding = 4; lastKnownFileType = net.daringfireball.markdown; path = README.md; sourceTree = SOURCE_ROOT; };
/* End PBXFileReference section */

/* Begin PBXFrameworksBuildPhase section */
		C931E47C2942726B00C2D025 /* Frameworks */ = {
			isa = PBXFrameworksBuildPhase;
			buildActionMask = 2147483647;
			files = (
				C97B7524295664AA0018BB0E /* SDWebImage in Frameworks */,
				C97B751A295127160018BB0E /* SwiftyJSON in Frameworks */,
				C97B7517295126840018BB0E /* Alamofire in Frameworks */,
			);
			runOnlyForDeploymentPostprocessing = 0;
		};
/* End PBXFrameworksBuildPhase section */

/* Begin PBXGroup section */
		C931E4762942726B00C2D025 = {
			isa = PBXGroup;
			children = (
				C931E4812942726B00C2D025 /* WhatFlower */,
				C931E4802942726B00C2D025 /* Products */,
			);
			sourceTree = "<group>";
		};
		C931E4802942726B00C2D025 /* Products */ = {
			isa = PBXGroup;
			children = (
				C931E47F2942726B00C2D025 /* WhatFlower.app */,
			);
			name = Products;
			sourceTree = "<group>";
		};
		C931E4812942726B00C2D025 /* WhatFlower */ = {
			isa = PBXGroup;
			children = (
				C97B751B295128490018BB0E /* Model */,
				C931E49829427DF900C2D025 /* Application */,
				C931E49729427DEB00C2D025 /* Controller */,
				C931E49629427DD200C2D025 /* View */,
				C931E48B2942726C00C2D025 /* Assets.xcassets */,
				C931E48D2942726C00C2D025 /* LaunchScreen.storyboard */,
				C931E4902942726C00C2D025 /* Info.plist */,
				C97B7527295670410018BB0E /* FlowerImageClassifier103.mlmodel */,
				C9D2220F29663B3C0013FEE2 /* README.md */,
			);
			path = WhatFlower;
			sourceTree = "<group>";
		};
		C931E49629427DD200C2D025 /* View */ = {
			isa = PBXGroup;
			children = (
				C931E49929427E7700C2D025 /* MainView.swift */,
			);
			path = View;
			sourceTree = "<group>";
		};
		C931E49729427DEB00C2D025 /* Controller */ = {
			isa = PBXGroup;
			children = (
				C931E4862942726B00C2D025 /* ViewController.swift */,
			);
			path = Controller;
			sourceTree = "<group>";
		};
		C931E49829427DF900C2D025 /* Application */ = {
			isa = PBXGroup;
			children = (
				C931E4822942726B00C2D025 /* AppDelegate.swift */,
				C931E4842942726B00C2D025 /* SceneDelegate.swift */,
			);
			path = Application;
			sourceTree = "<group>";
		};
		C97B751B295128490018BB0E /* Model */ = {
			isa = PBXGroup;
			children = (
				C97B751C295128640018BB0E /* LabelsJSON.swift */,
				C97B752029525FBE0018BB0E /* DataServices.swift */,
			);
			path = Model;
			sourceTree = "<group>";
		};
/* End PBXGroup section */

/* Begin PBXNativeTarget section */
		C931E47E2942726B00C2D025 /* WhatFlower */ = {
			isa = PBXNativeTarget;
			buildConfigurationList = C931E4932942726C00C2D025 /* Build configuration list for PBXNativeTarget "WhatFlower" */;
			buildPhases = (
				C931E47B2942726B00C2D025 /* Sources */,
				C931E47C2942726B00C2D025 /* Frameworks */,
				C931E47D2942726B00C2D025 /* Resources */,
			);
			buildRules = (
			);
			dependencies = (
			);
			name = WhatFlower;
			packageProductDependencies = (
				C97B7516295126840018BB0E /* Alamofire */,
				C97B7519295127160018BB0E /* SwiftyJSON */,
				C97B7523295664AA0018BB0E /* SDWebImage */,
			);
			productName = WhatFlower;
			productReference = C931E47F2942726B00C2D025 /* WhatFlower.app */;
			productType = "com.apple.product-type.application";
		};
/* End PBXNativeTarget section */

/* Begin PBXProject section */
		C931E4772942726B00C2D025 /* Project object */ = {
			isa = PBXProject;
			attributes = {
				BuildIndependentTargetsInParallel = 1;
				LastSwiftUpdateCheck = 1400;
				LastUpgradeCheck = 1400;
				TargetAttributes = {
					C931E47E2942726B00C2D025 = {
						CreatedOnToolsVersion = 14.0.1;
					};
				};
			};
			buildConfigurationList = C931E47A2942726B00C2D025 /* Build configuration list for PBXProject "WhatFlower" */;
			compatibilityVersion = "Xcode 14.0";
			developmentRegion = en;
			hasScannedForEncodings = 0;
			knownRegions = (
				en,
				Base,
			);
			mainGroup = C931E4762942726B00C2D025;
			packageReferences = (
				C97B7515295126840018BB0E /* XCRemoteSwiftPackageReference "Alamofire" */,
				C97B7518295127160018BB0E /* XCRemoteSwiftPackageReference "SwiftyJSON" */,
				C97B7522295664AA0018BB0E /* XCRemoteSwiftPackageReference "SDWebImage" */,
			);
			productRefGroup = C931E4802942726B00C2D025 /* Products */;
			projectDirPath = "";
			projectRoot = "";
			targets = (
				C931E47E2942726B00C2D025 /* WhatFlower */,
			);
		};
/* End PBXProject section */

/* Begin PBXResourcesBuildPhase section */
		C931E47D2942726B00C2D025 /* Resources */ = {
			isa = PBXResourcesBuildPhase;
			buildActionMask = 2147483647;
			files = (
				C9D2221029663B3C0013FEE2 /* README.md in Resources */,
				C931E48F2942726C00C2D025 /* LaunchScreen.storyboard in Resources */,
				C931E48C2942726C00C2D025 /* Assets.xcassets in Resources */,
			);
			runOnlyForDeploymentPostprocessing = 0;
		};
/* End PBXResourcesBuildPhase section */

/* Begin PBXSourcesBuildPhase section */
		C931E47B2942726B00C2D025 /* Sources */ = {
			isa = PBXSourcesBuildPhase;
			buildActionMask = 2147483647;
			files = (
				C97B751D295128640018BB0E /* LabelsJSON.swift in Sources */,
				C97B7528295670410018BB0E /* FlowerImageClassifier103.mlmodel in Sources */,
				C931E4872942726B00C2D025 /* ViewController.swift in Sources */,
				C931E49A29427E7700C2D025 /* MainView.swift in Sources */,
				C931E4832942726B00C2D025 /* AppDelegate.swift in Sources */,
				C931E4852942726B00C2D025 /* SceneDelegate.swift in Sources */,
				C97B752129525FBE0018BB0E /* DataServices.swift in Sources */,
			);
			runOnlyForDeploymentPostprocessing = 0;
		};
/* End PBXSourcesBuildPhase section */

/* Begin PBXVariantGroup section */
		C931E48D2942726C00C2D025 /* LaunchScreen.storyboard */ = {
			isa = PBXVariantGroup;
			children = (
				C931E48E2942726C00C2D025 /* Base */,
			);
			name = LaunchScreen.storyboard;
			sourceTree = "<group>";
		};
/* End PBXVariantGroup section */

/* Begin XCBuildConfiguration section */
		C931E4912942726C00C2D025 /* Debug */ = {
			isa = XCBuildConfiguration;
			buildSettings = {
				ALWAYS_SEARCH_USER_PATHS = NO;
				CLANG_ANALYZER_NONNULL = YES;
				CLANG_ANALYZER_NUMBER_OBJECT_CONVERSION = YES_AGGRESSIVE;
				CLANG_CXX_LANGUAGE_STANDARD = "gnu++20";
				CLANG_ENABLE_MODULES = YES;
				CLANG_ENABLE_OBJC_ARC = YES;
				CLANG_ENABLE_OBJC_WEAK = YES;
				CLANG_WARN_BLOCK_CAPTURE_AUTORELEASING = YES;
				CLANG_WARN_BOOL_CONVERSION = YES;
				CLANG_WARN_COMMA = YES;
				CLANG_WARN_CONSTANT_CONVERSION = YES;
				CLANG_WARN_DEPRECATED_OBJC_IMPLEMENTATIONS = YES;
				CLANG_WARN_DIRECT_OBJC_ISA_USAGE = YES_ERROR;
				CLANG_WARN_DOCUMENTATION_COMMENTS = YES;
				CLANG_WARN_EMPTY_BODY = YES;
				CLANG_WARN_ENUM_CONVERSION = YES;
				CLANG_WARN_INFINITE_RECURSION = YES;
				CLANG_WARN_INT_CONVERSION = YES;
				CLANG_WARN_NON_LITERAL_NULL_CONVERSION = YES;
				CLANG_WARN_OBJC_IMPLICIT_RETAIN_SELF = YES;
				CLANG_WARN_OBJC_LITERAL_CONVERSION = YES;
				CLANG_WARN_OBJC_ROOT_CLASS = YES_ERROR;
				CLANG_WARN_QUOTED_INCLUDE_IN_FRAMEWORK_HEADER = YES;
				CLANG_WARN_RANGE_LOOP_ANALYSIS = YES;
				CLANG_WARN_STRICT_PROTOTYPES = YES;
				CLANG_WARN_SUSPICIOUS_MOVE = YES;
				CLANG_WARN_UNGUARDED_AVAILABILITY = YES_AGGRESSIVE;
				CLANG_WARN_UNREACHABLE_CODE = YES;
				CLANG_WARN__DUPLICATE_METHOD_MATCH = YES;
				COPY_PHASE_STRIP = NO;
				DEBUG_INFORMATION_FORMAT = dwarf;
				ENABLE_STRICT_OBJC_MSGSEND = YES;
				ENABLE_TESTABILITY = YES;
				GCC_C_LANGUAGE_STANDARD = gnu11;
				GCC_DYNAMIC_NO_PIC = NO;
				GCC_NO_COMMON_BLOCKS = YES;
				GCC_OPTIMIZATION_LEVEL = 0;
				GCC_PREPROCESSOR_DEFINITIONS = (
					"DEBUG=1",
					"$(inherited)",
				);
				GCC_WARN_64_TO_32_BIT_CONVERSION = YES;
				GCC_WARN_ABOUT_RETURN_TYPE = YES_ERROR;
				GCC_WARN_UNDECLARED_SELECTOR = YES;
				GCC_WARN_UNINITIALIZED_AUTOS = YES_AGGRESSIVE;
				GCC_WARN_UNUSED_FUNCTION = YES;
				GCC_WARN_UNUSED_VARIABLE = YES;
				IPHONEOS_DEPLOYMENT_TARGET = 16.0;
				MTL_ENABLE_DEBUG_INFO = INCLUDE_SOURCE;
				MTL_FAST_MATH = YES;
				ONLY_ACTIVE_ARCH = YES;
				SDKROOT = iphoneos;
				SWIFT_ACTIVE_COMPILATION_CONDITIONS = DEBUG;
				SWIFT_OPTIMIZATION_LEVEL = "-Onone";
			};
			name = Debug;
		};
		C931E4922942726C00C2D025 /* Release */ = {
			isa = XCBuildConfiguration;
			buildSettings = {
				ALWAYS_SEARCH_USER_PATHS = NO;
				CLANG_ANALYZER_NONNULL = YES;
				CLANG_ANALYZER_NUMBER_OBJECT_CONVERSION = YES_AGGRESSIVE;
				CLANG_CXX_LANGUAGE_STANDARD = "gnu++20";
				CLANG_ENABLE_MODULES = YES;
				CLANG_ENABLE_OBJC_ARC = YES;
				CLANG_ENABLE_OBJC_WEAK = YES;
				CLANG_WARN_BLOCK_CAPTURE_AUTORELEASING = YES;
				CLANG_WARN_BOOL_CONVERSION = YES;
				CLANG_WARN_COMMA = YES;
				CLANG_WARN_CONSTANT_CONVERSION = YES;
				CLANG_WARN_DEPRECATED_OBJC_IMPLEMENTATIONS = YES;
				CLANG_WARN_DIRECT_OBJC_ISA_USAGE = YES_ERROR;
				CLANG_WARN_DOCUMENTATION_COMMENTS = YES;
				CLANG_WARN_EMPTY_BODY = YES;
				CLANG_WARN_ENUM_CONVERSION = YES;
				CLANG_WARN_INFINITE_RECURSION = YES;
				CLANG_WARN_INT_CONVERSION = YES;
				CLANG_WARN_NON_LITERAL_NULL_CONVERSION = YES;
				CLANG_WARN_OBJC_IMPLICIT_RETAIN_SELF = YES;
				CLANG_WARN_OBJC_LITERAL_CONVERSION = YES;
				CLANG_WARN_OBJC_ROOT_CLASS = YES_ERROR;
				CLANG_WARN_QUOTED_INCLUDE_IN_FRAMEWORK_HEADER = YES;
				CLANG_WARN_RANGE_LOOP_ANALYSIS = YES;
				CLANG_WARN_STRICT_PROTOTYPES = YES;
				CLANG_WARN_SUSPICIOUS_MOVE = YES;
				CLANG_WARN_UNGUARDED_AVAILABILITY = YES_AGGRESSIVE;
				CLANG_WARN_UNREACHABLE_CODE = YES;
				CLANG_WARN__DUPLICATE_METHOD_MATCH = YES;
				COPY_PHASE_STRIP = NO;
				DEBUG_INFORMATION_FORMAT = "dwarf-with-dsym";
				ENABLE_NS_ASSERTIONS = NO;
				ENABLE_STRICT_OBJC_MSGSEND = YES;
				GCC_C_LANGUAGE_STANDARD = gnu11;
				GCC_NO_COMMON_BLOCKS = YES;
				GCC_WARN_64_TO_32_BIT_CONVERSION = YES;
				GCC_WARN_ABOUT_RETURN_TYPE = YES_ERROR;
				GCC_WARN_UNDECLARED_SELECTOR = YES;
				GCC_WARN_UNINITIALIZED_AUTOS = YES_AGGRESSIVE;
				GCC_WARN_UNUSED_FUNCTION = YES;
				GCC_WARN_UNUSED_VARIABLE = YES;
				IPHONEOS_DEPLOYMENT_TARGET = 16.0;
				MTL_ENABLE_DEBUG_INFO = NO;
				MTL_FAST_MATH = YES;
				SDKROOT = iphoneos;
				SWIFT_COMPILATION_MODE = wholemodule;
				SWIFT_OPTIMIZATION_LEVEL = "-O";
				VALIDATE_PRODUCT = YES;
			};
			name = Release;
		};
		C931E4942942726C00C2D025 /* Debug */ = {
			isa = XCBuildConfiguration;
			buildSettings = {
				ASSETCATALOG_COMPILER_APPICON_NAME = AppIcon;
				ASSETCATALOG_COMPILER_GLOBAL_ACCENT_COLOR_NAME = AccentColor;
				CODE_SIGN_STYLE = Automatic;
				CURRENT_PROJECT_VERSION = 1;
				DEVELOPMENT_TEAM = WQV4LL6PWD;
				GENERATE_INFOPLIST_FILE = YES;
				INFOPLIST_FILE = WhatFlower/Info.plist;
				INFOPLIST_KEY_UIApplicationSupportsIndirectInputEvents = YES;
				INFOPLIST_KEY_UILaunchStoryboardName = LaunchScreen;
				INFOPLIST_KEY_UISupportedInterfaceOrientations_iPad = "UIInterfaceOrientationPortrait UIInterfaceOrientationPortraitUpsideDown UIInterfaceOrientationLandscapeLeft UIInterfaceOrientationLandscapeRight";
				INFOPLIST_KEY_UISupportedInterfaceOrientations_iPhone = "UIInterfaceOrientationPortrait UIInterfaceOrientationLandscapeLeft UIInterfaceOrientationLandscapeRight";
				IPHONEOS_DEPLOYMENT_TARGET = 13.0;
				LD_RUNPATH_SEARCH_PATHS = (
					"$(inherited)",
					"@executable_path/Frameworks",
				);
				MARKETING_VERSION = 1.0;
				PRODUCT_BUNDLE_IDENTIFIER = "bbcoelho-com.github.WhatFlower";
				PRODUCT_NAME = "$(TARGET_NAME)";
				SUPPORTED_PLATFORMS = "iphoneos iphonesimulator";
				SUPPORTS_MACCATALYST = NO;
				SUPPORTS_MAC_DESIGNED_FOR_IPHONE_IPAD = NO;
				SWIFT_EMIT_LOC_STRINGS = YES;
				SWIFT_VERSION = 5.0;
				TARGETED_DEVICE_FAMILY = 1;
			};
			name = Debug;
		};
		C931E4952942726C00C2D025 /* Release */ = {
			isa = XCBuildConfiguration;
			buildSettings = {
				ASSETCATALOG_COMPILER_APPICON_NAME = AppIcon;
				ASSETCATALOG_COMPILER_GLOBAL_ACCENT_COLOR_NAME = AccentColor;
				CODE_SIGN_STYLE = Automatic;
				CURRENT_PROJECT_VERSION = 1;
				DEVELOPMENT_TEAM = WQV4LL6PWD;
				GENERATE_INFOPLIST_FILE = YES;
				INFOPLIST_FILE = WhatFlower/Info.plist;
				INFOPLIST_KEY_UIApplicationSupportsIndirectInputEvents = YES;
				INFOPLIST_KEY_UILaunchStoryboardName = LaunchScreen;
				INFOPLIST_KEY_UISupportedInterfaceOrientations_iPad = "UIInterfaceOrientationPortrait UIInterfaceOrientationPortraitUpsideDown UIInterfaceOrientationLandscapeLeft UIInterfaceOrientationLandscapeRight";
				INFOPLIST_KEY_UISupportedInterfaceOrientations_iPhone = "UIInterfaceOrientationPortrait UIInterfaceOrientationLandscapeLeft UIInterfaceOrientationLandscapeRight";
				IPHONEOS_DEPLOYMENT_TARGET = 13.0;
				LD_RUNPATH_SEARCH_PATHS = (
					"$(inherited)",
					"@executable_path/Frameworks",
				);
				MARKETING_VERSION = 1.0;
				PRODUCT_BUNDLE_IDENTIFIER = "bbcoelho-com.github.WhatFlower";
				PRODUCT_NAME = "$(TARGET_NAME)";
				SUPPORTED_PLATFORMS = "iphoneos iphonesimulator";
				SUPPORTS_MACCATALYST = NO;
				SUPPORTS_MAC_DESIGNED_FOR_IPHONE_IPAD = NO;
				SWIFT_EMIT_LOC_STRINGS = YES;
				SWIFT_VERSION = 5.0;
				TARGETED_DEVICE_FAMILY = 1;
			};
			name = Release;
		};
/* End XCBuildConfiguration section */

/* Begin XCConfigurationList section */
		C931E47A2942726B00C2D025 /* Build configuration list for PBXProject "WhatFlower" */ = {
			isa = XCConfigurationList;
			buildConfigurations = (
				C931E4912942726C00C2D025 /* Debug */,
				C931E4922942726C00C2D025 /* Release */,
			);
			defaultConfigurationIsVisible = 0;
			defaultConfigurationName = Release;
		};
		C931E4932942726C00C2D025 /* Build configuration list for PBXNativeTarget "WhatFlower" */ = {
			isa = XCConfigurationList;
			buildConfigurations = (
				C931E4942942726C00C2D025 /* Debug */,
				C931E4952942726C00C2D025 /* Release */,
			);
			defaultConfigurationIsVisible = 0;
			defaultConfigurationName = Release;
		};
/* End XCConfigurationList section */

/* Begin XCRemoteSwiftPackageReference section */
		C97B7515295126840018BB0E /* XCRemoteSwiftPackageReference "Alamofire" */ = {
			isa = XCRemoteSwiftPackageReference;
			repositoryURL = "https://github.com/Alamofire/Alamofire.git";
			requirement = {
				kind = upToNextMajorVersion;
				minimumVersion = 5.6.1;
			};
		};
		C97B7518295127160018BB0E /* XCRemoteSwiftPackageReference "SwiftyJSON" */ = {
			isa = XCRemoteSwiftPackageReference;
			repositoryURL = "https://github.com/SwiftyJSON/SwiftyJSON.git";
			requirement = {
				kind = upToNextMajorVersion;
				minimumVersion = 5.0.0;
			};
		};
		C97B7522295664AA0018BB0E /* XCRemoteSwiftPackageReference "SDWebImage" */ = {
			isa = XCRemoteSwiftPackageReference;
			repositoryURL = "https://github.com/SDWebImage/SDWebImage.git";
			requirement = {
				kind = upToNextMajorVersion;
				minimumVersion = 5.0.0;
			};
		};
/* End XCRemoteSwiftPackageReference section */

/* Begin XCSwiftPackageProductDependency section */
		C97B7516295126840018BB0E /* Alamofire */ = {
			isa = XCSwiftPackageProductDependency;
			package = C97B7515295126840018BB0E /* XCRemoteSwiftPackageReference "Alamofire" */;
			productName = Alamofire;
		};
		C97B7519295127160018BB0E /* SwiftyJSON */ = {
			isa = XCSwiftPackageProductDependency;
			package = C97B7518295127160018BB0E /* XCRemoteSwiftPackageReference "SwiftyJSON" */;
			productName = SwiftyJSON;
		};
		C97B7523295664AA0018BB0E /* SDWebImage */ = {
			isa = XCSwiftPackageProductDependency;
			package = C97B7522295664AA0018BB0E /* XCRemoteSwiftPackageReference "SDWebImage" */;
			productName = SDWebImage;
		};
/* End XCSwiftPackageProductDependency section */
	};
	rootObject = C931E4772942726B00C2D025 /* Project object */;
}
