// !$*UTF8*$!
{
	archiveVersion = 1;
	classes = {
	};
	objectVersion = 55;
	objects = {

/* Begin PBXBuildFile section */
		0186C543FB3CD2EFF1796FDE /* Pods_Todoey.framework in Frameworks */ = {isa = PBXBuildFile; fileRef = 992D1D9B07249773C293E23A /* Pods_Todoey.framework */; };
		C911323B29258956006698F2 /* tableViewCell+extensions.swift in Sources */ = {isa = PBXBuildFile; fileRef = C911323A29258956006698F2 /* tableViewCell+extensions.swift */; };
		C95BFD5C291D323300982A1B /* AppDelegate.swift in Sources */ = {isa = PBXBuildFile; fileRef = C95BFD5B291D323300982A1B /* AppDelegate.swift */; };
		C95BFD5E291D323300982A1B /* SceneDelegate.swift in Sources */ = {isa = PBXBuildFile; fileRef = C95BFD5D291D323300982A1B /* SceneDelegate.swift */; };
		C95BFD60291D323300982A1B /* TodoListViewController.swift in Sources */ = {isa = PBXBuildFile; fileRef = C95BFD5F291D323300982A1B /* TodoListViewController.swift */; };
		C95BFD63291D323300982A1B /* Main.storyboard in Resources */ = {isa = PBXBuildFile; fileRef = C95BFD61291D323300982A1B /* Main.storyboard */; };
		C95BFD68291D323300982A1B /* Assets.xcassets in Resources */ = {isa = PBXBuildFile; fileRef = C95BFD67291D323300982A1B /* Assets.xcassets */; };
		C95BFD6B291D323300982A1B /* LaunchScreen.storyboard in Resources */ = {isa = PBXBuildFile; fileRef = C95BFD69291D323300982A1B /* LaunchScreen.storyboard */; };
		C95BFD73291D37D100982A1B /* Constants.swift in Sources */ = {isa = PBXBuildFile; fileRef = C95BFD72291D37D100982A1B /* Constants.swift */; };
		C975242B29267468006643D3 /* CustomTableViewController.swift in Sources */ = {isa = PBXBuildFile; fileRef = C975242A29267468006643D3 /* CustomTableViewController.swift */; };
		C9CD29C729214F2400689A59 /* CategoryViewController.swift in Sources */ = {isa = PBXBuildFile; fileRef = C9CD29C629214F2400689A59 /* CategoryViewController.swift */; };
		C9F6931F2922E0920099F734 /* Item.swift in Sources */ = {isa = PBXBuildFile; fileRef = C9F6931E2922E0920099F734 /* Item.swift */; };
		C9F693212922E0A50099F734 /* Category.swift in Sources */ = {isa = PBXBuildFile; fileRef = C9F693202922E0A50099F734 /* Category.swift */; };
/* End PBXBuildFile section */

/* Begin PBXFileReference section */
		151F6CFA087511A861B96B48 /* Pods-Todoey.debug.xcconfig */ = {isa = PBXFileReference; includeInIndex = 1; lastKnownFileType = text.xcconfig; name = "Pods-Todoey.debug.xcconfig"; path = "Target Support Files/Pods-Todoey/Pods-Todoey.debug.xcconfig"; sourceTree = "<group>"; };
		55AEEEE86D8D9DB3A971B800 /* Pods-Todoey.release.xcconfig */ = {isa = PBXFileReference; includeInIndex = 1; lastKnownFileType = text.xcconfig; name = "Pods-Todoey.release.xcconfig"; path = "Target Support Files/Pods-Todoey/Pods-Todoey.release.xcconfig"; sourceTree = "<group>"; };
		992D1D9B07249773C293E23A /* Pods_Todoey.framework */ = {isa = PBXFileReference; explicitFileType = wrapper.framework; includeInIndex = 0; path = Pods_Todoey.framework; sourceTree = BUILT_PRODUCTS_DIR; };
		C911323A29258956006698F2 /* tableViewCell+extensions.swift */ = {isa = PBXFileReference; lastKnownFileType = sourcecode.swift; path = "tableViewCell+extensions.swift"; sourceTree = "<group>"; };
		C95BFD58291D323300982A1B /* Todoey.app */ = {isa = PBXFileReference; explicitFileType = wrapper.application; includeInIndex = 0; path = Todoey.app; sourceTree = BUILT_PRODUCTS_DIR; };
		C95BFD5B291D323300982A1B /* AppDelegate.swift */ = {isa = PBXFileReference; lastKnownFileType = sourcecode.swift; path = AppDelegate.swift; sourceTree = "<group>"; };
		C95BFD5D291D323300982A1B /* SceneDelegate.swift */ = {isa = PBXFileReference; lastKnownFileType = sourcecode.swift; path = SceneDelegate.swift; sourceTree = "<group>"; };
		C95BFD5F291D323300982A1B /* TodoListViewController.swift */ = {isa = PBXFileReference; lastKnownFileType = sourcecode.swift; path = TodoListViewController.swift; sourceTree = "<group>"; };
		C95BFD62291D323300982A1B /* Base */ = {isa = PBXFileReference; lastKnownFileType = file.storyboard; name = Base; path = Base.lproj/Main.storyboard; sourceTree = "<group>"; };
		C95BFD67291D323300982A1B /* Assets.xcassets */ = {isa = PBXFileReference; lastKnownFileType = folder.assetcatalog; path = Assets.xcassets; sourceTree = "<group>"; };
		C95BFD6A291D323300982A1B /* Base */ = {isa = PBXFileReference; lastKnownFileType = file.storyboard; name = Base; path = Base.lproj/LaunchScreen.storyboard; sourceTree = "<group>"; };
		C95BFD6C291D323300982A1B /* Info.plist */ = {isa = PBXFileReference; lastKnownFileType = text.plist.xml; path = Info.plist; sourceTree = "<group>"; };
		C95BFD72291D37D100982A1B /* Constants.swift */ = {isa = PBXFileReference; lastKnownFileType = sourcecode.swift; path = Constants.swift; sourceTree = "<group>"; };
		C975242A29267468006643D3 /* CustomTableViewController.swift */ = {isa = PBXFileReference; lastKnownFileType = sourcecode.swift; path = CustomTableViewController.swift; sourceTree = "<group>"; };
		C9CD29C629214F2400689A59 /* CategoryViewController.swift */ = {isa = PBXFileReference; lastKnownFileType = sourcecode.swift; name = CategoryViewController.swift; path = Todoey/Controllers/CategoryViewController.swift; sourceTree = SOURCE_ROOT; };
		C9F6931E2922E0920099F734 /* Item.swift */ = {isa = PBXFileReference; lastKnownFileType = sourcecode.swift; path = Item.swift; sourceTree = "<group>"; };
		C9F693202922E0A50099F734 /* Category.swift */ = {isa = PBXFileReference; lastKnownFileType = sourcecode.swift; path = Category.swift; sourceTree = "<group>"; };
/* End PBXFileReference section */

/* Begin PBXFrameworksBuildPhase section */
		C95BFD55291D323300982A1B /* Frameworks */ = {
			isa = PBXFrameworksBuildPhase;
			buildActionMask = 2147483647;
			files = (
				0186C543FB3CD2EFF1796FDE /* Pods_Todoey.framework in Frameworks */,
			);
			runOnlyForDeploymentPostprocessing = 0;
		};
/* End PBXFrameworksBuildPhase section */

/* Begin PBXGroup section */
		653E22CB2F464BA9FE019F07 /* Frameworks */ = {
			isa = PBXGroup;
			children = (
				992D1D9B07249773C293E23A /* Pods_Todoey.framework */,
			);
			name = Frameworks;
			sourceTree = "<group>";
		};
		C95BFD4F291D323200982A1B = {
			isa = PBXGroup;
			children = (
				C95BFD5A291D323300982A1B /* Todoey */,
				C95BFD59291D323300982A1B /* Products */,
				D8F20940264A1125603C542E /* Pods */,
				653E22CB2F464BA9FE019F07 /* Frameworks */,
			);
			sourceTree = "<group>";
		};
		C95BFD59291D323300982A1B /* Products */ = {
			isa = PBXGroup;
			children = (
				C95BFD58291D323300982A1B /* Todoey.app */,
			);
			name = Products;
			sourceTree = "<group>";
		};
		C95BFD5A291D323300982A1B /* Todoey */ = {
			isa = PBXGroup;
			children = (
				C9CD29C2291E793700689A59 /* Application */,
				C9CD29C3291E795300689A59 /* DataModel */,
				C95BFD76291D385100982A1B /* Views */,
				C95BFD75291D384900982A1B /* Controllers */,
				C95BFD74291D37DF00982A1B /* Utils */,
				C95BFD6C291D323300982A1B /* Info.plist */,
			);
			path = Todoey;
			sourceTree = "<group>";
		};
		C95BFD74291D37DF00982A1B /* Utils */ = {
			isa = PBXGroup;
			children = (
				C95BFD72291D37D100982A1B /* Constants.swift */,
			);
			path = Utils;
			sourceTree = "<group>";
		};
		C95BFD75291D384900982A1B /* Controllers */ = {
			isa = PBXGroup;
			children = (
				C9CD29C629214F2400689A59 /* CategoryViewController.swift */,
				C95BFD5F291D323300982A1B /* TodoListViewController.swift */,
				C911323A29258956006698F2 /* tableViewCell+extensions.swift */,
				C975242A29267468006643D3 /* CustomTableViewController.swift */,
			);
			path = Controllers;
			sourceTree = "<group>";
		};
		C95BFD76291D385100982A1B /* Views */ = {
			isa = PBXGroup;
			children = (
				C95BFD61291D323300982A1B /* Main.storyboard */,
			);
			path = Views;
			sourceTree = "<group>";
		};
		C9CD29C2291E793700689A59 /* Application */ = {
			isa = PBXGroup;
			children = (
				C95BFD5B291D323300982A1B /* AppDelegate.swift */,
				C95BFD5D291D323300982A1B /* SceneDelegate.swift */,
				C95BFD67291D323300982A1B /* Assets.xcassets */,
				C95BFD69291D323300982A1B /* LaunchScreen.storyboard */,
			);
			path = Application;
			sourceTree = "<group>";
		};
		C9CD29C3291E795300689A59 /* DataModel */ = {
			isa = PBXGroup;
			children = (
				C9F693202922E0A50099F734 /* Category.swift */,
				C9F6931E2922E0920099F734 /* Item.swift */,
			);
			path = DataModel;
			sourceTree = "<group>";
		};
		D8F20940264A1125603C542E /* Pods */ = {
			isa = PBXGroup;
			children = (
				151F6CFA087511A861B96B48 /* Pods-Todoey.debug.xcconfig */,
				55AEEEE86D8D9DB3A971B800 /* Pods-Todoey.release.xcconfig */,
			);
			path = Pods;
			sourceTree = "<group>";
		};
/* End PBXGroup section */

/* Begin PBXNativeTarget section */
		C95BFD57291D323300982A1B /* Todoey */ = {
			isa = PBXNativeTarget;
			buildConfigurationList = C95BFD6F291D323300982A1B /* Build configuration list for PBXNativeTarget "Todoey" */;
			buildPhases = (
				D4FC1F8C480C5333A4791143 /* [CP] Check Pods Manifest.lock */,
				C95BFD54291D323300982A1B /* Sources */,
				C95BFD55291D323300982A1B /* Frameworks */,
				C95BFD56291D323300982A1B /* Resources */,
			);
			buildRules = (
			);
			dependencies = (
			);
			name = Todoey;
			productName = Todoey;
			productReference = C95BFD58291D323300982A1B /* Todoey.app */;
			productType = "com.apple.product-type.application";
		};
/* End PBXNativeTarget section */

/* Begin PBXProject section */
		C95BFD50291D323200982A1B /* Project object */ = {
			isa = PBXProject;
			attributes = {
				BuildIndependentTargetsInParallel = 1;
				LastSwiftUpdateCheck = 1400;
				LastUpgradeCheck = 1400;
				TargetAttributes = {
					C95BFD57291D323300982A1B = {
						CreatedOnToolsVersion = 14.0.1;
					};
				};
			};
			buildConfigurationList = C95BFD53291D323200982A1B /* Build configuration list for PBXProject "Todoey" */;
			compatibilityVersion = "Xcode 13.0";
			developmentRegion = en;
			hasScannedForEncodings = 0;
			knownRegions = (
				en,
				Base,
			);
			mainGroup = C95BFD4F291D323200982A1B;
			productRefGroup = C95BFD59291D323300982A1B /* Products */;
			projectDirPath = "";
			projectRoot = "";
			targets = (
				C95BFD57291D323300982A1B /* Todoey */,
			);
		};
/* End PBXProject section */

/* Begin PBXResourcesBuildPhase section */
		C95BFD56291D323300982A1B /* Resources */ = {
			isa = PBXResourcesBuildPhase;
			buildActionMask = 2147483647;
			files = (
				C95BFD6B291D323300982A1B /* LaunchScreen.storyboard in Resources */,
				C95BFD68291D323300982A1B /* Assets.xcassets in Resources */,
				C95BFD63291D323300982A1B /* Main.storyboard in Resources */,
			);
			runOnlyForDeploymentPostprocessing = 0;
		};
/* End PBXResourcesBuildPhase section */

/* Begin PBXShellScriptBuildPhase section */
		D4FC1F8C480C5333A4791143 /* [CP] Check Pods Manifest.lock */ = {
			isa = PBXShellScriptBuildPhase;
			buildActionMask = 2147483647;
			files = (
			);
			inputFileListPaths = (
			);
			inputPaths = (
				"${PODS_PODFILE_DIR_PATH}/Podfile.lock",
				"${PODS_ROOT}/Manifest.lock",
			);
			name = "[CP] Check Pods Manifest.lock";
			outputFileListPaths = (
			);
			outputPaths = (
				"$(DERIVED_FILE_DIR)/Pods-Todoey-checkManifestLockResult.txt",
			);
			runOnlyForDeploymentPostprocessing = 0;
			shellPath = /bin/sh;
			shellScript = "diff \"${PODS_PODFILE_DIR_PATH}/Podfile.lock\" \"${PODS_ROOT}/Manifest.lock\" > /dev/null\nif [ $? != 0 ] ; then\n    # print error to STDERR\n    echo \"error: The sandbox is not in sync with the Podfile.lock. Run 'pod install' or update your CocoaPods installation.\" >&2\n    exit 1\nfi\n# This output is used by Xcode 'outputs' to avoid re-running this script phase.\necho \"SUCCESS\" > \"${SCRIPT_OUTPUT_FILE_0}\"\n";
			showEnvVarsInLog = 0;
		};
/* End PBXShellScriptBuildPhase section */

/* Begin PBXSourcesBuildPhase section */
		C95BFD54291D323300982A1B /* Sources */ = {
			isa = PBXSourcesBuildPhase;
			buildActionMask = 2147483647;
			files = (
				C95BFD73291D37D100982A1B /* Constants.swift in Sources */,
				C9F6931F2922E0920099F734 /* Item.swift in Sources */,
				C95BFD60291D323300982A1B /* TodoListViewController.swift in Sources */,
				C95BFD5C291D323300982A1B /* AppDelegate.swift in Sources */,
				C95BFD5E291D323300982A1B /* SceneDelegate.swift in Sources */,
				C9F693212922E0A50099F734 /* Category.swift in Sources */,
				C9CD29C729214F2400689A59 /* CategoryViewController.swift in Sources */,
				C975242B29267468006643D3 /* CustomTableViewController.swift in Sources */,
				C911323B29258956006698F2 /* tableViewCell+extensions.swift in Sources */,
			);
			runOnlyForDeploymentPostprocessing = 0;
		};
/* End PBXSourcesBuildPhase section */

/* Begin PBXVariantGroup section */
		C95BFD61291D323300982A1B /* Main.storyboard */ = {
			isa = PBXVariantGroup;
			children = (
				C95BFD62291D323300982A1B /* Base */,
			);
			name = Main.storyboard;
			sourceTree = "<group>";
		};
		C95BFD69291D323300982A1B /* LaunchScreen.storyboard */ = {
			isa = PBXVariantGroup;
			children = (
				C95BFD6A291D323300982A1B /* Base */,
			);
			name = LaunchScreen.storyboard;
			sourceTree = "<group>";
		};
/* End PBXVariantGroup section */

/* Begin XCBuildConfiguration section */
		C95BFD6D291D323300982A1B /* Debug */ = {
			isa = XCBuildConfiguration;
			buildSettings = {
				ALWAYS_SEARCH_USER_PATHS = NO;
				CLANG_ANALYZER_NONNULL = YES;
				CLANG_ANALYZER_NUMBER_OBJECT_CONVERSION = YES_AGGRESSIVE;
				CLANG_CXX_LANGUAGE_STANDARD = "gnu++20";
				CLANG_ENABLE_MODULES = YES;
				CLANG_ENABLE_OBJC_ARC = YES;
				CLANG_ENABLE_OBJC_WEAK = YES;
				CLANG_WARN_BLOCK_CAPTURE_AUTORELEASING = YES;
				CLANG_WARN_BOOL_CONVERSION = YES;
				CLANG_WARN_COMMA = YES;
				CLANG_WARN_CONSTANT_CONVERSION = YES;
				CLANG_WARN_DEPRECATED_OBJC_IMPLEMENTATIONS = YES;
				CLANG_WARN_DIRECT_OBJC_ISA_USAGE = YES_ERROR;
				CLANG_WARN_DOCUMENTATION_COMMENTS = YES;
				CLANG_WARN_EMPTY_BODY = YES;
				CLANG_WARN_ENUM_CONVERSION = YES;
				CLANG_WARN_INFINITE_RECURSION = YES;
				CLANG_WARN_INT_CONVERSION = YES;
				CLANG_WARN_NON_LITERAL_NULL_CONVERSION = YES;
				CLANG_WARN_OBJC_IMPLICIT_RETAIN_SELF = YES;
				CLANG_WARN_OBJC_LITERAL_CONVERSION = YES;
				CLANG_WARN_OBJC_ROOT_CLASS = YES_ERROR;
				CLANG_WARN_QUOTED_INCLUDE_IN_FRAMEWORK_HEADER = YES;
				CLANG_WARN_RANGE_LOOP_ANALYSIS = YES;
				CLANG_WARN_STRICT_PROTOTYPES = YES;
				CLANG_WARN_SUSPICIOUS_MOVE = YES;
				CLANG_WARN_UNGUARDED_AVAILABILITY = YES_AGGRESSIVE;
				CLANG_WARN_UNREACHABLE_CODE = YES;
				CLANG_WARN__DUPLICATE_METHOD_MATCH = YES;
				COPY_PHASE_STRIP = NO;
				DEBUG_INFORMATION_FORMAT = dwarf;
				ENABLE_STRICT_OBJC_MSGSEND = YES;
				ENABLE_TESTABILITY = YES;
				GCC_C_LANGUAGE_STANDARD = gnu11;
				GCC_DYNAMIC_NO_PIC = NO;
				GCC_NO_COMMON_BLOCKS = YES;
				GCC_OPTIMIZATION_LEVEL = 0;
				GCC_PREPROCESSOR_DEFINITIONS = (
					"DEBUG=1",
					"$(inherited)",
				);
				GCC_WARN_64_TO_32_BIT_CONVERSION = YES;
				GCC_WARN_ABOUT_RETURN_TYPE = YES_ERROR;
				GCC_WARN_UNDECLARED_SELECTOR = YES;
				GCC_WARN_UNINITIALIZED_AUTOS = YES_AGGRESSIVE;
				GCC_WARN_UNUSED_FUNCTION = YES;
				GCC_WARN_UNUSED_VARIABLE = YES;
				IPHONEOS_DEPLOYMENT_TARGET = 16.0;
				MTL_ENABLE_DEBUG_INFO = INCLUDE_SOURCE;
				MTL_FAST_MATH = YES;
				ONLY_ACTIVE_ARCH = YES;
				SDKROOT = iphoneos;
				SWIFT_ACTIVE_COMPILATION_CONDITIONS = DEBUG;
				SWIFT_OPTIMIZATION_LEVEL = "-Onone";
			};
			name = Debug;
		};
		C95BFD6E291D323300982A1B /* Release */ = {
			isa = XCBuildConfiguration;
			buildSettings = {
				ALWAYS_SEARCH_USER_PATHS = NO;
				CLANG_ANALYZER_NONNULL = YES;
				CLANG_ANALYZER_NUMBER_OBJECT_CONVERSION = YES_AGGRESSIVE;
				CLANG_CXX_LANGUAGE_STANDARD = "gnu++20";
				CLANG_ENABLE_MODULES = YES;
				CLANG_ENABLE_OBJC_ARC = YES;
				CLANG_ENABLE_OBJC_WEAK = YES;
				CLANG_WARN_BLOCK_CAPTURE_AUTORELEASING = YES;
				CLANG_WARN_BOOL_CONVERSION = YES;
				CLANG_WARN_COMMA = YES;
				CLANG_WARN_CONSTANT_CONVERSION = YES;
				CLANG_WARN_DEPRECATED_OBJC_IMPLEMENTATIONS = YES;
				CLANG_WARN_DIRECT_OBJC_ISA_USAGE = YES_ERROR;
				CLANG_WARN_DOCUMENTATION_COMMENTS = YES;
				CLANG_WARN_EMPTY_BODY = YES;
				CLANG_WARN_ENUM_CONVERSION = YES;
				CLANG_WARN_INFINITE_RECURSION = YES;
				CLANG_WARN_INT_CONVERSION = YES;
				CLANG_WARN_NON_LITERAL_NULL_CONVERSION = YES;
				CLANG_WARN_OBJC_IMPLICIT_RETAIN_SELF = YES;
				CLANG_WARN_OBJC_LITERAL_CONVERSION = YES;
				CLANG_WARN_OBJC_ROOT_CLASS = YES_ERROR;
				CLANG_WARN_QUOTED_INCLUDE_IN_FRAMEWORK_HEADER = YES;
				CLANG_WARN_RANGE_LOOP_ANALYSIS = YES;
				CLANG_WARN_STRICT_PROTOTYPES = YES;
				CLANG_WARN_SUSPICIOUS_MOVE = YES;
				CLANG_WARN_UNGUARDED_AVAILABILITY = YES_AGGRESSIVE;
				CLANG_WARN_UNREACHABLE_CODE = YES;
				CLANG_WARN__DUPLICATE_METHOD_MATCH = YES;
				COPY_PHASE_STRIP = NO;
				DEBUG_INFORMATION_FORMAT = "dwarf-with-dsym";
				ENABLE_NS_ASSERTIONS = NO;
				ENABLE_STRICT_OBJC_MSGSEND = YES;
				GCC_C_LANGUAGE_STANDARD = gnu11;
				GCC_NO_COMMON_BLOCKS = YES;
				GCC_WARN_64_TO_32_BIT_CONVERSION = YES;
				GCC_WARN_ABOUT_RETURN_TYPE = YES_ERROR;
				GCC_WARN_UNDECLARED_SELECTOR = YES;
				GCC_WARN_UNINITIALIZED_AUTOS = YES_AGGRESSIVE;
				GCC_WARN_UNUSED_FUNCTION = YES;
				GCC_WARN_UNUSED_VARIABLE = YES;
				IPHONEOS_DEPLOYMENT_TARGET = 16.0;
				MTL_ENABLE_DEBUG_INFO = NO;
				MTL_FAST_MATH = YES;
				SDKROOT = iphoneos;
				SWIFT_COMPILATION_MODE = wholemodule;
				SWIFT_OPTIMIZATION_LEVEL = "-O";
				VALIDATE_PRODUCT = YES;
			};
			name = Release;
		};
		C95BFD70291D323300982A1B /* Debug */ = {
			isa = XCBuildConfiguration;
			baseConfigurationReference = 151F6CFA087511A861B96B48 /* Pods-Todoey.debug.xcconfig */;
			buildSettings = {
				ASSETCATALOG_COMPILER_APPICON_NAME = AppIcon;
				ASSETCATALOG_COMPILER_GLOBAL_ACCENT_COLOR_NAME = AccentColor;
				CODE_SIGN_STYLE = Automatic;
				CURRENT_PROJECT_VERSION = 1;
				DEVELOPMENT_TEAM = WQV4LL6PWD;
				GENERATE_INFOPLIST_FILE = YES;
				INFOPLIST_FILE = Todoey/Info.plist;
				INFOPLIST_KEY_LSApplicationCategoryType = "public.app-category.productivity";
				INFOPLIST_KEY_UIApplicationSupportsIndirectInputEvents = YES;
				INFOPLIST_KEY_UILaunchStoryboardName = LaunchScreen;
				INFOPLIST_KEY_UIMainStoryboardFile = Main;
				INFOPLIST_KEY_UISupportedInterfaceOrientations_iPad = "UIInterfaceOrientationPortrait UIInterfaceOrientationPortraitUpsideDown UIInterfaceOrientationLandscapeLeft UIInterfaceOrientationLandscapeRight";
				INFOPLIST_KEY_UISupportedInterfaceOrientations_iPhone = "UIInterfaceOrientationPortrait UIInterfaceOrientationLandscapeLeft UIInterfaceOrientationLandscapeRight";
				IPHONEOS_DEPLOYMENT_TARGET = 13.0;
				LD_RUNPATH_SEARCH_PATHS = (
					"$(inherited)",
					"@executable_path/Frameworks",
				);
				MARKETING_VERSION = 1.0;
				PRODUCT_BUNDLE_IDENTIFIER = "bbcoelho-com.github.Todoey";
				PRODUCT_NAME = "$(TARGET_NAME)";
				SUPPORTED_PLATFORMS = "iphoneos iphonesimulator";
				SUPPORTS_MACCATALYST = NO;
				SUPPORTS_MAC_DESIGNED_FOR_IPHONE_IPAD = NO;
				SWIFT_EMIT_LOC_STRINGS = YES;
				SWIFT_VERSION = 5.0;
				TARGETED_DEVICE_FAMILY = 1;
			};
			name = Debug;
		};
		C95BFD71291D323300982A1B /* Release */ = {
			isa = XCBuildConfiguration;
			baseConfigurationReference = 55AEEEE86D8D9DB3A971B800 /* Pods-Todoey.release.xcconfig */;
			buildSettings = {
				ASSETCATALOG_COMPILER_APPICON_NAME = AppIcon;
				ASSETCATALOG_COMPILER_GLOBAL_ACCENT_COLOR_NAME = AccentColor;
				CODE_SIGN_STYLE = Automatic;
				CURRENT_PROJECT_VERSION = 1;
				DEVELOPMENT_TEAM = WQV4LL6PWD;
				GENERATE_INFOPLIST_FILE = YES;
				INFOPLIST_FILE = Todoey/Info.plist;
				INFOPLIST_KEY_LSApplicationCategoryType = "public.app-category.productivity";
				INFOPLIST_KEY_UIApplicationSupportsIndirectInputEvents = YES;
				INFOPLIST_KEY_UILaunchStoryboardName = LaunchScreen;
				INFOPLIST_KEY_UIMainStoryboardFile = Main;
				INFOPLIST_KEY_UISupportedInterfaceOrientations_iPad = "UIInterfaceOrientationPortrait UIInterfaceOrientationPortraitUpsideDown UIInterfaceOrientationLandscapeLeft UIInterfaceOrientationLandscapeRight";
				INFOPLIST_KEY_UISupportedInterfaceOrientations_iPhone = "UIInterfaceOrientationPortrait UIInterfaceOrientationLandscapeLeft UIInterfaceOrientationLandscapeRight";
				IPHONEOS_DEPLOYMENT_TARGET = 13.0;
				LD_RUNPATH_SEARCH_PATHS = (
					"$(inherited)",
					"@executable_path/Frameworks",
				);
				MARKETING_VERSION = 1.0;
				PRODUCT_BUNDLE_IDENTIFIER = "bbcoelho-com.github.Todoey";
				PRODUCT_NAME = "$(TARGET_NAME)";
				SUPPORTED_PLATFORMS = "iphoneos iphonesimulator";
				SUPPORTS_MACCATALYST = NO;
				SUPPORTS_MAC_DESIGNED_FOR_IPHONE_IPAD = NO;
				SWIFT_EMIT_LOC_STRINGS = YES;
				SWIFT_VERSION = 5.0;
				TARGETED_DEVICE_FAMILY = 1;
			};
			name = Release;
		};
/* End XCBuildConfiguration section */

/* Begin XCConfigurationList section */
		C95BFD53291D323200982A1B /* Build configuration list for PBXProject "Todoey" */ = {
			isa = XCConfigurationList;
			buildConfigurations = (
				C95BFD6D291D323300982A1B /* Debug */,
				C95BFD6E291D323300982A1B /* Release */,
			);
			defaultConfigurationIsVisible = 0;
			defaultConfigurationName = Release;
		};
		C95BFD6F291D323300982A1B /* Build configuration list for PBXNativeTarget "Todoey" */ = {
			isa = XCConfigurationList;
			buildConfigurations = (
				C95BFD70291D323300982A1B /* Debug */,
				C95BFD71291D323300982A1B /* Release */,
			);
			defaultConfigurationIsVisible = 0;
			defaultConfigurationName = Release;
		};
/* End XCConfigurationList section */
	};
	rootObject = C95BFD50291D323200982A1B /* Project object */;
}
